
Microsoft Visual Studio Solution File, Format Version 12.00
# Visual Studio 15
VisualStudioVersion = 15.0.27004.2010
MinimumVisualStudioVersion = 10.0.40219.1
Project("{FAE04EC0-301F-11D3-BF4B-00C04F79EFBC}") = "AssignSchedule", "AssignSchedule\AssignSchedule.csproj", "{0E70A986-427D-49A4-B0B9-13F9DE936F08}"
EndProject
Global
	GlobalSection(SolutionConfigurationPlatforms) = preSolution
		Debug|Any CPU = Debug|Any CPU
		Release|Any CPU = Release|Any CPU
	EndGlobalSection
	GlobalSection(ProjectConfigurationPlatforms) = postSolution
		{0E70A986-427D-49A4-B0B9-13F9DE936F08}.Debug|Any CPU.ActiveCfg = Debug|Any CPU
		{0E70A986-427D-49A4-B0B9-13F9DE936F08}.Debug|Any CPU.Build.0 = Debug|Any CPU
		{0E70A986-427D-49A4-B0B9-13F9DE936F08}.Release|Any CPU.ActiveCfg = Release|Any CPU
		{0E70A986-427D-49A4-B0B9-13F9DE936F08}.Release|Any CPU.Build.0 = Release|Any CPU
	EndGlobalSection
	GlobalSection(SolutionProperties) = preSolution
		HideSolutionNode = FALSE
	EndGlobalSection
	GlobalSection(ExtensibilityGlobals) = postSolution
		SolutionGuid = {1A0E7772-C0EB-4590-B736-732DF2C2BE5C}
	EndGlobalSection
EndGlobal
